# This file is automatically @generated by Cargo.
# It is not intended for manual editing.
version = 4

[[package]]
name = "valkyrin-cli"
version = "0.1.0"
dependencies = [
 "valkyrin-core",
 "valkyrin-server",
]

[[package]]
name = "valkyrin-core"
version = "0.1.0"

[[package]]
name = "valkyrin-server"
version = "0.1.0"
